[root]
name = "boncarobot"
version = "0.1.0"
dependencies = [
 "dylib 0.0.2 (registry+https://github.com/rust-lang/crates.io-index)",
 "hiirc 0.4.0 (registry+https://github.com/rust-lang/crates.io-index)",
 "rustyline 1.0.0 (registry+https://github.com/rust-lang/crates.io-index)",
 "toml 0.2.1 (registry+https://github.com/rust-lang/crates.io-index)",
 "zmq 0.9.0 (git+https://github.com/erickt/rust-zmq.git)",
]

[[package]]
name = "bitflags"
version = "0.4.0"
source = "registry+https://github.com/rust-lang/crates.io-index"

[[package]]
name = "bitflags"
version = "0.7.0"
source = "registry+https://github.com/rust-lang/crates.io-index"

[[package]]
name = "dylib"
version = "0.0.2"
source = "registry+https://github.com/rust-lang/crates.io-index"
dependencies = [
 "libc 0.2.20 (registry+https://github.com/rust-lang/crates.io-index)",
]

[[package]]
name = "encode_unicode"
version = "0.1.3"
source = "registry+https://github.com/rust-lang/crates.io-index"

[[package]]
name = "encoding"
version = "0.2.33"
source = "registry+https://github.com/rust-lang/crates.io-index"
dependencies = [
 "encoding-index-japanese 1.20141219.5 (registry+https://github.com/rust-lang/crates.io-index)",
 "encoding-index-korean 1.20141219.5 (registry+https://github.com/rust-lang/crates.io-index)",
 "encoding-index-simpchinese 1.20141219.5 (registry+https://github.com/rust-lang/crates.io-index)",
 "encoding-index-singlebyte 1.20141219.5 (registry+https://github.com/rust-lang/crates.io-index)",
 "encoding-index-tradchinese 1.20141219.5 (registry+https://github.com/rust-lang/crates.io-index)",
]

[[package]]
name = "encoding-index-japanese"
version = "1.20141219.5"
source = "registry+https://github.com/rust-lang/crates.io-index"
dependencies = [
 "encoding_index_tests 0.1.4 (registry+https://github.com/rust-lang/crates.io-index)",
]

[[package]]
name = "encoding-index-korean"
version = "1.20141219.5"
source = "registry+https://github.com/rust-lang/crates.io-index"
dependencies = [
 "encoding_index_tests 0.1.4 (registry+https://github.com/rust-lang/crates.io-index)",
]

[[package]]
name = "encoding-index-simpchinese"
version = "1.20141219.5"
source = "registry+https://github.com/rust-lang/crates.io-index"
dependencies = [
 "encoding_index_tests 0.1.4 (registry+https://github.com/rust-lang/crates.io-index)",
]

[[package]]
name = "encoding-index-singlebyte"
version = "1.20141219.5"
source = "registry+https://github.com/rust-lang/crates.io-index"
dependencies = [
 "encoding_index_tests 0.1.4 (registry+https://github.com/rust-lang/crates.io-index)",
]

[[package]]
name = "encoding-index-tradchinese"
version = "1.20141219.5"
source = "registry+https://github.com/rust-lang/crates.io-index"
dependencies = [
 "encoding_index_tests 0.1.4 (registry+https://github.com/rust-lang/crates.io-index)",
]

[[package]]
name = "encoding_index_tests"
version = "0.1.4"
source = "registry+https://github.com/rust-lang/crates.io-index"

[[package]]
name = "error-chain"
version = "0.7.2"
source = "registry+https://github.com/rust-lang/crates.io-index"

[[package]]
name = "hiirc"
version = "0.4.0"
source = "registry+https://github.com/rust-lang/crates.io-index"
dependencies = [
 "encoding 0.2.33 (registry+https://github.com/rust-lang/crates.io-index)",
 "loirc 0.1.4 (registry+https://github.com/rust-lang/crates.io-index)",
]

[[package]]
name = "kernel32-sys"
version = "0.2.2"
source = "registry+https://github.com/rust-lang/crates.io-index"
dependencies = [
 "winapi 0.2.8 (registry+https://github.com/rust-lang/crates.io-index)",
 "winapi-build 0.1.1 (registry+https://github.com/rust-lang/crates.io-index)",
]

[[package]]
name = "libc"
version = "0.2.20"
source = "registry+https://github.com/rust-lang/crates.io-index"

[[package]]
name = "log"
version = "0.3.6"
source = "registry+https://github.com/rust-lang/crates.io-index"

[[package]]
name = "loirc"
version = "0.1.4"
source = "registry+https://github.com/rust-lang/crates.io-index"
dependencies = [
 "encoding 0.2.33 (registry+https://github.com/rust-lang/crates.io-index)",
 "time 0.1.36 (registry+https://github.com/rust-lang/crates.io-index)",
]

[[package]]
name = "metadeps"
version = "1.1.1"
source = "registry+https://github.com/rust-lang/crates.io-index"
dependencies = [
 "error-chain 0.7.2 (registry+https://github.com/rust-lang/crates.io-index)",
 "pkg-config 0.3.8 (registry+https://github.com/rust-lang/crates.io-index)",
 "toml 0.2.1 (registry+https://github.com/rust-lang/crates.io-index)",
]

[[package]]
name = "nix"
version = "0.5.1"
source = "registry+https://github.com/rust-lang/crates.io-index"
dependencies = [
 "bitflags 0.4.0 (registry+https://github.com/rust-lang/crates.io-index)",
 "libc 0.2.20 (registry+https://github.com/rust-lang/crates.io-index)",
]

[[package]]
name = "pkg-config"
version = "0.3.8"
source = "registry+https://github.com/rust-lang/crates.io-index"

[[package]]
name = "redox_syscall"
version = "0.1.16"
source = "registry+https://github.com/rust-lang/crates.io-index"

[[package]]
name = "rustc-serialize"
version = "0.3.22"
source = "registry+https://github.com/rust-lang/crates.io-index"

[[package]]
name = "rustyline"
version = "1.0.0"
source = "registry+https://github.com/rust-lang/crates.io-index"
dependencies = [
 "encode_unicode 0.1.3 (registry+https://github.com/rust-lang/crates.io-index)",
 "kernel32-sys 0.2.2 (registry+https://github.com/rust-lang/crates.io-index)",
 "libc 0.2.20 (registry+https://github.com/rust-lang/crates.io-index)",
 "nix 0.5.1 (registry+https://github.com/rust-lang/crates.io-index)",
 "unicode-width 0.1.4 (registry+https://github.com/rust-lang/crates.io-index)",
 "winapi 0.2.8 (registry+https://github.com/rust-lang/crates.io-index)",
]

[[package]]
name = "time"
version = "0.1.36"
source = "registry+https://github.com/rust-lang/crates.io-index"
dependencies = [
 "kernel32-sys 0.2.2 (registry+https://github.com/rust-lang/crates.io-index)",
 "libc 0.2.20 (registry+https://github.com/rust-lang/crates.io-index)",
 "redox_syscall 0.1.16 (registry+https://github.com/rust-lang/crates.io-index)",
 "winapi 0.2.8 (registry+https://github.com/rust-lang/crates.io-index)",
]

[[package]]
name = "toml"
version = "0.2.1"
source = "registry+https://github.com/rust-lang/crates.io-index"
dependencies = [
 "rustc-serialize 0.3.22 (registry+https://github.com/rust-lang/crates.io-index)",
]

[[package]]
name = "unicode-width"
version = "0.1.4"
source = "registry+https://github.com/rust-lang/crates.io-index"

[[package]]
name = "winapi"
version = "0.2.8"
source = "registry+https://github.com/rust-lang/crates.io-index"

[[package]]
name = "winapi-build"
version = "0.1.1"
source = "registry+https://github.com/rust-lang/crates.io-index"

[[package]]
name = "zmq"
version = "0.9.0"
source = "git+https://github.com/erickt/rust-zmq.git#29fd68f1d08e5e4103399a13969b50832579ccf8"
dependencies = [
 "bitflags 0.7.0 (registry+https://github.com/rust-lang/crates.io-index)",
 "libc 0.2.20 (registry+https://github.com/rust-lang/crates.io-index)",
 "log 0.3.6 (registry+https://github.com/rust-lang/crates.io-index)",
 "zmq-sys 0.9.0 (git+https://github.com/erickt/rust-zmq.git)",
]

[[package]]
name = "zmq-sys"
version = "0.9.0"
source = "git+https://github.com/erickt/rust-zmq.git#29fd68f1d08e5e4103399a13969b50832579ccf8"
dependencies = [
 "libc 0.2.20 (registry+https://github.com/rust-lang/crates.io-index)",
 "metadeps 1.1.1 (registry+https://github.com/rust-lang/crates.io-index)",
]

[metadata]
"checksum bitflags 0.4.0 (registry+https://github.com/rust-lang/crates.io-index)" = "8dead7461c1127cf637931a1e50934eb6eee8bff2f74433ac7909e9afcee04a3"
"checksum bitflags 0.7.0 (registry+https://github.com/rust-lang/crates.io-index)" = "aad18937a628ec6abcd26d1489012cc0e18c21798210f491af69ded9b881106d"
"checksum dylib 0.0.2 (registry+https://github.com/rust-lang/crates.io-index)" = "b8d4c307c119e8709b662c278861478c9f98149d6ade23f21cf33f5c28cadf13"
"checksum encode_unicode 0.1.3 (registry+https://github.com/rust-lang/crates.io-index)" = "28d65f1f5841ef7c6792861294b72beda34c664deb8be27970f36c306b7da1ce"
"checksum encoding 0.2.33 (registry+https://github.com/rust-lang/crates.io-index)" = "6b0d943856b990d12d3b55b359144ff341533e516d94098b1d3fc1ac666d36ec"
"checksum encoding-index-japanese 1.20141219.5 (registry+https://github.com/rust-lang/crates.io-index)" = "04e8b2ff42e9a05335dbf8b5c6f7567e5591d0d916ccef4e0b1710d32a0d0c91"
"checksum encoding-index-korean 1.20141219.5 (registry+https://github.com/rust-lang/crates.io-index)" = "4dc33fb8e6bcba213fe2f14275f0963fd16f0a02c878e3095ecfdf5bee529d81"
"checksum encoding-index-simpchinese 1.20141219.5 (registry+https://github.com/rust-lang/crates.io-index)" = "d87a7194909b9118fc707194baa434a4e3b0fb6a5a757c73c3adb07aa25031f7"
"checksum encoding-index-singlebyte 1.20141219.5 (registry+https://github.com/rust-lang/crates.io-index)" = "3351d5acffb224af9ca265f435b859c7c01537c0849754d3db3fdf2bfe2ae84a"
"checksum encoding-index-tradchinese 1.20141219.5 (registry+https://github.com/rust-lang/crates.io-index)" = "fd0e20d5688ce3cab59eb3ef3a2083a5c77bf496cb798dc6fcdb75f323890c18"
"checksum encoding_index_tests 0.1.4 (registry+https://github.com/rust-lang/crates.io-index)" = "a246d82be1c9d791c5dfde9a2bd045fc3cbba3fa2b11ad558f27d01712f00569"
"checksum error-chain 0.7.2 (registry+https://github.com/rust-lang/crates.io-index)" = "318cb3c71ee4cdea69fdc9e15c173b245ed6063e1709029e8fd32525a881120f"
"checksum hiirc 0.4.0 (registry+https://github.com/rust-lang/crates.io-index)" = "6957d104cb5a307ad62a597cd0c51579d40812c5669f60b18f11fabbec81cae9"
"checksum kernel32-sys 0.2.2 (registry+https://github.com/rust-lang/crates.io-index)" = "7507624b29483431c0ba2d82aece8ca6cdba9382bff4ddd0f7490560c056098d"
"checksum libc 0.2.20 (registry+https://github.com/rust-lang/crates.io-index)" = "684f330624d8c3784fb9558ca46c4ce488073a8d22450415c5eb4f4cfb0d11b5"
"checksum log 0.3.6 (registry+https://github.com/rust-lang/crates.io-index)" = "ab83497bf8bf4ed2a74259c1c802351fcd67a65baa86394b6ba73c36f4838054"
"checksum loirc 0.1.4 (registry+https://github.com/rust-lang/crates.io-index)" = "329a06b2ed5bd78df8975b2075f0e2849c37ab0896c8b33aeb2baf455069ec50"
"checksum metadeps 1.1.1 (registry+https://github.com/rust-lang/crates.io-index)" = "829fffe7ea1d747e23f64be972991bc516b2f1ac2ae4a3b33d8bea150c410151"
"checksum nix 0.5.1 (registry+https://github.com/rust-lang/crates.io-index)" = "bfb3ddedaa14746434a02041940495bf11325c22f6d36125d3bdd56090d50a79"
"checksum pkg-config 0.3.8 (registry+https://github.com/rust-lang/crates.io-index)" = "8cee804ecc7eaf201a4a207241472cc870e825206f6c031e3ee2a72fa425f2fa"
"checksum redox_syscall 0.1.16 (registry+https://github.com/rust-lang/crates.io-index)" = "8dd35cc9a8bdec562c757e3d43c1526b5c6d2653e23e2315065bc25556550753"
"checksum rustc-serialize 0.3.22 (registry+https://github.com/rust-lang/crates.io-index)" = "237546c689f20bb44980270c73c3b9edd0891c1be49cc1274406134a66d3957b"
"checksum rustyline 1.0.0 (registry+https://github.com/rust-lang/crates.io-index)" = "00b06ac9c8e8e3e83b33d175d39a9f7b6c2c930c82990593719c8e48788ae2d9"
"checksum time 0.1.36 (registry+https://github.com/rust-lang/crates.io-index)" = "211b63c112206356ef1ff9b19355f43740fc3f85960c598a93d3a3d3ba7beade"
"checksum toml 0.2.1 (registry+https://github.com/rust-lang/crates.io-index)" = "736b60249cb25337bc196faa43ee12c705e426f3d55c214d73a4e7be06f92cb4"
"checksum unicode-width 0.1.4 (registry+https://github.com/rust-lang/crates.io-index)" = "bf3a113775714a22dcb774d8ea3655c53a32debae63a063acc00a91cc586245f"
"checksum winapi 0.2.8 (registry+https://github.com/rust-lang/crates.io-index)" = "167dc9d6949a9b857f3451275e911c3f44255842c1f7a76f33c55103a909087a"
"checksum winapi-build 0.1.1 (registry+https://github.com/rust-lang/crates.io-index)" = "2d315eee3b34aca4797b2da6b13ed88266e6d612562a0c46390af8299fc699bc"
"checksum zmq 0.9.0 (git+https://github.com/erickt/rust-zmq.git)" = "<none>"
"checksum zmq-sys 0.9.0 (git+https://github.com/erickt/rust-zmq.git)" = "<none>"
